
Microsoft Visual Studio Solution File, Format Version 12.00
Project("{2150E333-8FDC-42A3-9474-1A3956D46DE8}") = "Gateways", "Gateways", "{98E59B09-43B8-4843-98E8-3BD893B2187D}"
EndProject
Project("{2150E333-8FDC-42A3-9474-1A3956D46DE8}") = "Services", "Services", "{EED98720-C2CB-4AC9-A129-168C141F1C5B}"
EndProject
Project("{2150E333-8FDC-42A3-9474-1A3956D46DE8}") = "Tests", "Tests", "{1FA7E3B3-6DDD-4554-AC31-CB58FE3070D9}"
EndProject
Project("{2150E333-8FDC-42A3-9474-1A3956D46DE8}") = "SolutionItems", "SolutionItems", "{53020D0B-CBCF-4B7D-A17F-DD2B1395C0F4}"
	ProjectSection(SolutionItems) = preProject
		.gitignore = .gitignore
		Directory.Build.props = Directory.Build.props
		Directory.Packages.props = Directory.Packages.props
		global.json = global.json
		README.md = README.md
	EndProjectSection
EndProject
Project("{2150E333-8FDC-42A3-9474-1A3956D46DE8}") = "AuthService", "AuthService", "{1747B852-B9DC-404A-BE9D-644E7EEC0B12}"
EndProject
Project("{FAE04EC0-301F-11D3-BF4B-00C04F79EFBC}") = "ApiGateway", "Gateways\ApiGateway\ApiGateway.csproj", "{4236197C-161D-48FF-B108-3DFC66E4D9D6}"
EndProject
Project("{FAE04EC0-301F-11D3-BF4B-00C04F79EFBC}") = "AuthService.Domain", "Services\AuthService\AuthService.Domain\AuthService.Domain.csproj", "{50006FE1-8FB5-42BE-8A2C-BFF32CCFB674}"
EndProject
Project("{FAE04EC0-301F-11D3-BF4B-00C04F79EFBC}") = "AuthService.Infrastructure", "Services\AuthService\AuthService.Infrastructure\AuthService.Infrastructure.csproj", "{617E5F56-C8F4-4A72-A579-08832A3C4313}"
EndProject
Project("{FAE04EC0-301F-11D3-BF4B-00C04F79EFBC}") = "AuthService.Application", "Services\AuthService\AuthService.Application\AuthService.Application.csproj", "{FBD2B02F-3EBA-46DD-9030-2B413CBB8607}"
EndProject
Project("{FAE04EC0-301F-11D3-BF4B-00C04F79EFBC}") = "AuthService.Api", "Services\AuthService\AuthService.Api\AuthService.Api.csproj", "{99CD4986-942B-4CFB-9834-69681120C13F}"
EndProject
Project("{2150E333-8FDC-42A3-9474-1A3956D46DE8}") = "ServicesTests", "ServicesTests", "{C16C328B-1322-42AC-A82A-AD85F03F5A1B}"
EndProject
Project("{2150E333-8FDC-42A3-9474-1A3956D46DE8}") = "AuthServiceTests", "AuthServiceTests", "{48028248-1D81-438A-B190-7F0E270A70B7}"
EndProject
Project("{FAE04EC0-301F-11D3-BF4B-00C04F79EFBC}") = "AuthService.UnitTests", "Tests\ServicesTests\AuthServiceTests\AuthService.UnitTests\AuthService.UnitTests.csproj", "{B7B9F31D-6131-42BD-A75B-5040D9E88B88}"
EndProject
Project("{FAE04EC0-301F-11D3-BF4B-00C04F79EFBC}") = "AuthService.FunctionalTests", "Tests\ServicesTests\AuthServiceTests\AuthService.FunctionalTests\AuthService.FunctionalTests.csproj", "{DA66A8D4-951E-460A-BBB2-A8EB0D44A038}"
EndProject
Project("{FAE04EC0-301F-11D3-BF4B-00C04F79EFBC}") = "AuthService.IntegrationTests", "Tests\ServicesTests\AuthServiceTests\AuthService.IntegrationTests\AuthService.IntegrationTests.csproj", "{B5825D7C-8650-44F1-B2FC-B6F8F92805AC}"
EndProject
Project("{2150E333-8FDC-42A3-9474-1A3956D46DE8}") = "Common", "Common", "{8EA66056-6305-483D-91C6-84A18CE8F619}"
EndProject
Project("{FAE04EC0-301F-11D3-BF4B-00C04F79EFBC}") = "Shared", "Common\Shared\Shared.csproj", "{08D37CA4-C711-4B9A-A5C1-5A057EDCB081}"
EndProject
Project("{2150E333-8FDC-42A3-9474-1A3956D46DE8}") = "DnD5eService", "DnD5eService", "{DC955323-7244-462C-B922-3825C7F1861E}"
EndProject
Project("{FAE04EC0-301F-11D3-BF4B-00C04F79EFBC}") = "DnD5eService.Domain", "Services\DnD5eService\DnD5eService.Domain\DnD5eService.Domain.csproj", "{76C77F7A-04EF-4113-9F15-733021A44378}"
EndProject
Project("{FAE04EC0-301F-11D3-BF4B-00C04F79EFBC}") = "DnD5eService.Infrastructure", "Services\DnD5eService\DnD5eService.Infrastructure\DnD5eService.Infrastructure.csproj", "{A1365445-36A2-4458-8B28-20B33F2D039E}"
EndProject
Project("{FAE04EC0-301F-11D3-BF4B-00C04F79EFBC}") = "DnD5eService.Application", "Services\DnD5eService\DnD5eService.Application\DnD5eService.Application.csproj", "{8AA5D843-293B-404C-9E9C-F796ED01DDA7}"
EndProject
Project("{FAE04EC0-301F-11D3-BF4B-00C04F79EFBC}") = "DnD5eService.Api", "Services\DnD5eService\DnD5eService.Api\DnD5eService.Api.csproj", "{3AA76F4F-4081-4A16-AE3C-CA711BF672C6}"
EndProject
Project("{2150E333-8FDC-42A3-9474-1A3956D46DE8}") = "DnD5eServiceTests", "DnD5eServiceTests", "{513ACBBA-8BAA-425D-A940-768CB19002E1}"
EndProject
Project("{FAE04EC0-301F-11D3-BF4B-00C04F79EFBC}") = "DnD5eService.UnitTests", "Tests\ServicesTests\DnD5eServiceTests\DnD5eService.UnitTests\DnD5eService.UnitTests.csproj", "{6AD7C718-4B4E-466B-BA14-7B4DE0134E43}"
EndProject
Project("{FAE04EC0-301F-11D3-BF4B-00C04F79EFBC}") = "DnD5eService.FunctionalTests", "Tests\ServicesTests\DnD5eServiceTests\DnD5eService.FunctionalTests\DnD5eService.FunctionalTests.csproj", "{C540CA51-CB45-43E4-A31F-1791DCE27FC1}"
EndProject
Project("{FAE04EC0-301F-11D3-BF4B-00C04F79EFBC}") = "DnD5eService.IntegrationTests", "Tests\ServicesTests\DnD5eServiceTests\DnD5eService.IntegrationTests\DnD5eService.IntegrationTests.csproj", "{4C3C98FF-A2DE-4046-9067-BD4684D8EB3C}"
EndProject
Project("{2150E333-8FDC-42A3-9474-1A3956D46DE8}") = "EmailService", "EmailService", "{F4579EAC-A6F8-4ED7-AD25-1852C60A00F7}"
EndProject
Project("{FAE04EC0-301F-11D3-BF4B-00C04F79EFBC}") = "EmailService.Domain", "Services\EmailService\EmailService.Domain\EmailService.Domain.csproj", "{DEEEC229-3799-4E33-A4FA-6C2D4EF32C24}"
EndProject
Project("{FAE04EC0-301F-11D3-BF4B-00C04F79EFBC}") = "EmailService.Infrastructure", "Services\EmailService\EmailService.Infrastructure\EmailService.Infrastructure.csproj", "{DA2D4160-A7CB-4230-B40A-4A8A4F6C83E8}"
EndProject
Project("{FAE04EC0-301F-11D3-BF4B-00C04F79EFBC}") = "EmailService.Application", "Services\EmailService\EmailService.Application\EmailService.Application.csproj", "{15DB0474-991A-4849-B943-3DE67F7A65C7}"
EndProject
Project("{FAE04EC0-301F-11D3-BF4B-00C04F79EFBC}") = "EmailService.Worker", "Services\EmailService\EmailService.Worker\EmailService.Worker.csproj", "{878AFDF3-BF09-41FD-AB28-BB1E0F0DE8F2}"
EndProject
Project("{2150E333-8FDC-42A3-9474-1A3956D46DE8}") = "EmailServiceTests", "EmailServiceTests", "{726759D1-187E-4979-9C2E-6DCC0A226758}"
EndProject
Project("{FAE04EC0-301F-11D3-BF4B-00C04F79EFBC}") = "EmailService.UnitTests", "Tests\ServicesTests\EmailServiceTests\EmailService.UnitTests\EmailService.UnitTests.csproj", "{319380F0-1199-4B81-B677-CB5EBF98224B}"
EndProject
Project("{FAE04EC0-301F-11D3-BF4B-00C04F79EFBC}") = "EmailService.IntegrationTests", "Tests\ServicesTests\EmailServiceTests\EmailService.IntegrationTests\EmailService.IntegrationTests.csproj", "{692B696B-CAB6-48FB-A687-FC7F90568102}"
EndProject
Project("{FAE04EC0-301F-11D3-BF4B-00C04F79EFBC}") = "EmailService.FunctionalTests", "Tests\ServicesTests\EmailServiceTests\EmailService.FunctionalTests\EmailService.FunctionalTests.csproj", "{AD5774DF-2025-439D-93A5-C0A30892A78F}"
EndProject
Global
	GlobalSection(SolutionConfigurationPlatforms) = preSolution
		Debug|Any CPU = Debug|Any CPU
		Release|Any CPU = Release|Any CPU
	EndGlobalSection
	GlobalSection(NestedProjects) = preSolution
		{1747B852-B9DC-404A-BE9D-644E7EEC0B12} = {EED98720-C2CB-4AC9-A129-168C141F1C5B}
		{4236197C-161D-48FF-B108-3DFC66E4D9D6} = {98E59B09-43B8-4843-98E8-3BD893B2187D}
		{50006FE1-8FB5-42BE-8A2C-BFF32CCFB674} = {1747B852-B9DC-404A-BE9D-644E7EEC0B12}
		{617E5F56-C8F4-4A72-A579-08832A3C4313} = {1747B852-B9DC-404A-BE9D-644E7EEC0B12}
		{FBD2B02F-3EBA-46DD-9030-2B413CBB8607} = {1747B852-B9DC-404A-BE9D-644E7EEC0B12}
		{99CD4986-942B-4CFB-9834-69681120C13F} = {1747B852-B9DC-404A-BE9D-644E7EEC0B12}
		{C16C328B-1322-42AC-A82A-AD85F03F5A1B} = {1FA7E3B3-6DDD-4554-AC31-CB58FE3070D9}
		{48028248-1D81-438A-B190-7F0E270A70B7} = {C16C328B-1322-42AC-A82A-AD85F03F5A1B}
		{B7B9F31D-6131-42BD-A75B-5040D9E88B88} = {48028248-1D81-438A-B190-7F0E270A70B7}
		{DA66A8D4-951E-460A-BBB2-A8EB0D44A038} = {48028248-1D81-438A-B190-7F0E270A70B7}
		{B5825D7C-8650-44F1-B2FC-B6F8F92805AC} = {48028248-1D81-438A-B190-7F0E270A70B7}
		{08D37CA4-C711-4B9A-A5C1-5A057EDCB081} = {8EA66056-6305-483D-91C6-84A18CE8F619}
		{DC955323-7244-462C-B922-3825C7F1861E} = {EED98720-C2CB-4AC9-A129-168C141F1C5B}
		{76C77F7A-04EF-4113-9F15-733021A44378} = {DC955323-7244-462C-B922-3825C7F1861E}
		{A1365445-36A2-4458-8B28-20B33F2D039E} = {DC955323-7244-462C-B922-3825C7F1861E}
		{8AA5D843-293B-404C-9E9C-F796ED01DDA7} = {DC955323-7244-462C-B922-3825C7F1861E}
		{3AA76F4F-4081-4A16-AE3C-CA711BF672C6} = {DC955323-7244-462C-B922-3825C7F1861E}
		{513ACBBA-8BAA-425D-A940-768CB19002E1} = {C16C328B-1322-42AC-A82A-AD85F03F5A1B}
		{6AD7C718-4B4E-466B-BA14-7B4DE0134E43} = {513ACBBA-8BAA-425D-A940-768CB19002E1}
		{C540CA51-CB45-43E4-A31F-1791DCE27FC1} = {513ACBBA-8BAA-425D-A940-768CB19002E1}
		{4C3C98FF-A2DE-4046-9067-BD4684D8EB3C} = {513ACBBA-8BAA-425D-A940-768CB19002E1}
		{F4579EAC-A6F8-4ED7-AD25-1852C60A00F7} = {EED98720-C2CB-4AC9-A129-168C141F1C5B}
		{DEEEC229-3799-4E33-A4FA-6C2D4EF32C24} = {F4579EAC-A6F8-4ED7-AD25-1852C60A00F7}
		{DA2D4160-A7CB-4230-B40A-4A8A4F6C83E8} = {F4579EAC-A6F8-4ED7-AD25-1852C60A00F7}
		{15DB0474-991A-4849-B943-3DE67F7A65C7} = {F4579EAC-A6F8-4ED7-AD25-1852C60A00F7}
		{878AFDF3-BF09-41FD-AB28-BB1E0F0DE8F2} = {F4579EAC-A6F8-4ED7-AD25-1852C60A00F7}
		{726759D1-187E-4979-9C2E-6DCC0A226758} = {C16C328B-1322-42AC-A82A-AD85F03F5A1B}
		{319380F0-1199-4B81-B677-CB5EBF98224B} = {726759D1-187E-4979-9C2E-6DCC0A226758}
		{692B696B-CAB6-48FB-A687-FC7F90568102} = {726759D1-187E-4979-9C2E-6DCC0A226758}
		{AD5774DF-2025-439D-93A5-C0A30892A78F} = {726759D1-187E-4979-9C2E-6DCC0A226758}
	EndGlobalSection
	GlobalSection(ProjectConfigurationPlatforms) = postSolution
		{4236197C-161D-48FF-B108-3DFC66E4D9D6}.Debug|Any CPU.ActiveCfg = Debug|Any CPU
		{4236197C-161D-48FF-B108-3DFC66E4D9D6}.Debug|Any CPU.Build.0 = Debug|Any CPU
		{4236197C-161D-48FF-B108-3DFC66E4D9D6}.Release|Any CPU.ActiveCfg = Release|Any CPU
		{4236197C-161D-48FF-B108-3DFC66E4D9D6}.Release|Any CPU.Build.0 = Release|Any CPU
		{50006FE1-8FB5-42BE-8A2C-BFF32CCFB674}.Debug|Any CPU.ActiveCfg = Debug|Any CPU
		{50006FE1-8FB5-42BE-8A2C-BFF32CCFB674}.Debug|Any CPU.Build.0 = Debug|Any CPU
		{50006FE1-8FB5-42BE-8A2C-BFF32CCFB674}.Release|Any CPU.ActiveCfg = Release|Any CPU
		{50006FE1-8FB5-42BE-8A2C-BFF32CCFB674}.Release|Any CPU.Build.0 = Release|Any CPU
		{617E5F56-C8F4-4A72-A579-08832A3C4313}.Debug|Any CPU.ActiveCfg = Debug|Any CPU
		{617E5F56-C8F4-4A72-A579-08832A3C4313}.Debug|Any CPU.Build.0 = Debug|Any CPU
		{617E5F56-C8F4-4A72-A579-08832A3C4313}.Release|Any CPU.ActiveCfg = Release|Any CPU
		{617E5F56-C8F4-4A72-A579-08832A3C4313}.Release|Any CPU.Build.0 = Release|Any CPU
		{FBD2B02F-3EBA-46DD-9030-2B413CBB8607}.Debug|Any CPU.ActiveCfg = Debug|Any CPU
		{FBD2B02F-3EBA-46DD-9030-2B413CBB8607}.Debug|Any CPU.Build.0 = Debug|Any CPU
		{FBD2B02F-3EBA-46DD-9030-2B413CBB8607}.Release|Any CPU.ActiveCfg = Release|Any CPU
		{FBD2B02F-3EBA-46DD-9030-2B413CBB8607}.Release|Any CPU.Build.0 = Release|Any CPU
		{99CD4986-942B-4CFB-9834-69681120C13F}.Debug|Any CPU.ActiveCfg = Debug|Any CPU
		{99CD4986-942B-4CFB-9834-69681120C13F}.Debug|Any CPU.Build.0 = Debug|Any CPU
		{99CD4986-942B-4CFB-9834-69681120C13F}.Release|Any CPU.ActiveCfg = Release|Any CPU
		{99CD4986-942B-4CFB-9834-69681120C13F}.Release|Any CPU.Build.0 = Release|Any CPU
		{B7B9F31D-6131-42BD-A75B-5040D9E88B88}.Debug|Any CPU.ActiveCfg = Debug|Any CPU
		{B7B9F31D-6131-42BD-A75B-5040D9E88B88}.Debug|Any CPU.Build.0 = Debug|Any CPU
		{B7B9F31D-6131-42BD-A75B-5040D9E88B88}.Release|Any CPU.ActiveCfg = Release|Any CPU
		{B7B9F31D-6131-42BD-A75B-5040D9E88B88}.Release|Any CPU.Build.0 = Release|Any CPU
		{DA66A8D4-951E-460A-BBB2-A8EB0D44A038}.Debug|Any CPU.ActiveCfg = Debug|Any CPU
		{DA66A8D4-951E-460A-BBB2-A8EB0D44A038}.Debug|Any CPU.Build.0 = Debug|Any CPU
		{DA66A8D4-951E-460A-BBB2-A8EB0D44A038}.Release|Any CPU.ActiveCfg = Release|Any CPU
		{DA66A8D4-951E-460A-BBB2-A8EB0D44A038}.Release|Any CPU.Build.0 = Release|Any CPU
		{B5825D7C-8650-44F1-B2FC-B6F8F92805AC}.Debug|Any CPU.ActiveCfg = Debug|Any CPU
		{B5825D7C-8650-44F1-B2FC-B6F8F92805AC}.Debug|Any CPU.Build.0 = Debug|Any CPU
		{B5825D7C-8650-44F1-B2FC-B6F8F92805AC}.Release|Any CPU.ActiveCfg = Release|Any CPU
		{B5825D7C-8650-44F1-B2FC-B6F8F92805AC}.Release|Any CPU.Build.0 = Release|Any CPU
		{08D37CA4-C711-4B9A-A5C1-5A057EDCB081}.Debug|Any CPU.ActiveCfg = Debug|Any CPU
		{08D37CA4-C711-4B9A-A5C1-5A057EDCB081}.Debug|Any CPU.Build.0 = Debug|Any CPU
		{08D37CA4-C711-4B9A-A5C1-5A057EDCB081}.Release|Any CPU.ActiveCfg = Release|Any CPU
		{08D37CA4-C711-4B9A-A5C1-5A057EDCB081}.Release|Any CPU.Build.0 = Release|Any CPU
		{76C77F7A-04EF-4113-9F15-733021A44378}.Debug|Any CPU.ActiveCfg = Debug|Any CPU
		{76C77F7A-04EF-4113-9F15-733021A44378}.Debug|Any CPU.Build.0 = Debug|Any CPU
		{76C77F7A-04EF-4113-9F15-733021A44378}.Release|Any CPU.ActiveCfg = Release|Any CPU
		{76C77F7A-04EF-4113-9F15-733021A44378}.Release|Any CPU.Build.0 = Release|Any CPU
		{A1365445-36A2-4458-8B28-20B33F2D039E}.Debug|Any CPU.ActiveCfg = Debug|Any CPU
		{A1365445-36A2-4458-8B28-20B33F2D039E}.Debug|Any CPU.Build.0 = Debug|Any CPU
		{A1365445-36A2-4458-8B28-20B33F2D039E}.Release|Any CPU.ActiveCfg = Release|Any CPU
		{A1365445-36A2-4458-8B28-20B33F2D039E}.Release|Any CPU.Build.0 = Release|Any CPU
		{8AA5D843-293B-404C-9E9C-F796ED01DDA7}.Debug|Any CPU.ActiveCfg = Debug|Any CPU
		{8AA5D843-293B-404C-9E9C-F796ED01DDA7}.Debug|Any CPU.Build.0 = Debug|Any CPU
		{8AA5D843-293B-404C-9E9C-F796ED01DDA7}.Release|Any CPU.ActiveCfg = Release|Any CPU
		{8AA5D843-293B-404C-9E9C-F796ED01DDA7}.Release|Any CPU.Build.0 = Release|Any CPU
		{3AA76F4F-4081-4A16-AE3C-CA711BF672C6}.Debug|Any CPU.ActiveCfg = Debug|Any CPU
		{3AA76F4F-4081-4A16-AE3C-CA711BF672C6}.Debug|Any CPU.Build.0 = Debug|Any CPU
		{3AA76F4F-4081-4A16-AE3C-CA711BF672C6}.Release|Any CPU.ActiveCfg = Release|Any CPU
		{3AA76F4F-4081-4A16-AE3C-CA711BF672C6}.Release|Any CPU.Build.0 = Release|Any CPU
		{6AD7C718-4B4E-466B-BA14-7B4DE0134E43}.Debug|Any CPU.ActiveCfg = Debug|Any CPU
		{6AD7C718-4B4E-466B-BA14-7B4DE0134E43}.Debug|Any CPU.Build.0 = Debug|Any CPU
		{6AD7C718-4B4E-466B-BA14-7B4DE0134E43}.Release|Any CPU.ActiveCfg = Release|Any CPU
		{6AD7C718-4B4E-466B-BA14-7B4DE0134E43}.Release|Any CPU.Build.0 = Release|Any CPU
		{C540CA51-CB45-43E4-A31F-1791DCE27FC1}.Debug|Any CPU.ActiveCfg = Debug|Any CPU
		{C540CA51-CB45-43E4-A31F-1791DCE27FC1}.Debug|Any CPU.Build.0 = Debug|Any CPU
		{C540CA51-CB45-43E4-A31F-1791DCE27FC1}.Release|Any CPU.ActiveCfg = Release|Any CPU
		{C540CA51-CB45-43E4-A31F-1791DCE27FC1}.Release|Any CPU.Build.0 = Release|Any CPU
		{4C3C98FF-A2DE-4046-9067-BD4684D8EB3C}.Debug|Any CPU.ActiveCfg = Debug|Any CPU
		{4C3C98FF-A2DE-4046-9067-BD4684D8EB3C}.Debug|Any CPU.Build.0 = Debug|Any CPU
		{4C3C98FF-A2DE-4046-9067-BD4684D8EB3C}.Release|Any CPU.ActiveCfg = Release|Any CPU
		{4C3C98FF-A2DE-4046-9067-BD4684D8EB3C}.Release|Any CPU.Build.0 = Release|Any CPU
		{DEEEC229-3799-4E33-A4FA-6C2D4EF32C24}.Debug|Any CPU.ActiveCfg = Debug|Any CPU
		{DEEEC229-3799-4E33-A4FA-6C2D4EF32C24}.Debug|Any CPU.Build.0 = Debug|Any CPU
		{DEEEC229-3799-4E33-A4FA-6C2D4EF32C24}.Release|Any CPU.ActiveCfg = Release|Any CPU
		{DEEEC229-3799-4E33-A4FA-6C2D4EF32C24}.Release|Any CPU.Build.0 = Release|Any CPU
		{DA2D4160-A7CB-4230-B40A-4A8A4F6C83E8}.Debug|Any CPU.ActiveCfg = Debug|Any CPU
		{DA2D4160-A7CB-4230-B40A-4A8A4F6C83E8}.Debug|Any CPU.Build.0 = Debug|Any CPU
		{DA2D4160-A7CB-4230-B40A-4A8A4F6C83E8}.Release|Any CPU.ActiveCfg = Release|Any CPU
		{DA2D4160-A7CB-4230-B40A-4A8A4F6C83E8}.Release|Any CPU.Build.0 = Release|Any CPU
		{15DB0474-991A-4849-B943-3DE67F7A65C7}.Debug|Any CPU.ActiveCfg = Debug|Any CPU
		{15DB0474-991A-4849-B943-3DE67F7A65C7}.Debug|Any CPU.Build.0 = Debug|Any CPU
		{15DB0474-991A-4849-B943-3DE67F7A65C7}.Release|Any CPU.ActiveCfg = Release|Any CPU
		{15DB0474-991A-4849-B943-3DE67F7A65C7}.Release|Any CPU.Build.0 = Release|Any CPU
		{878AFDF3-BF09-41FD-AB28-BB1E0F0DE8F2}.Debug|Any CPU.ActiveCfg = Debug|Any CPU
		{878AFDF3-BF09-41FD-AB28-BB1E0F0DE8F2}.Debug|Any CPU.Build.0 = Debug|Any CPU
		{878AFDF3-BF09-41FD-AB28-BB1E0F0DE8F2}.Release|Any CPU.ActiveCfg = Release|Any CPU
		{878AFDF3-BF09-41FD-AB28-BB1E0F0DE8F2}.Release|Any CPU.Build.0 = Release|Any CPU
		{319380F0-1199-4B81-B677-CB5EBF98224B}.Debug|Any CPU.ActiveCfg = Debug|Any CPU
		{319380F0-1199-4B81-B677-CB5EBF98224B}.Debug|Any CPU.Build.0 = Debug|Any CPU
		{319380F0-1199-4B81-B677-CB5EBF98224B}.Release|Any CPU.ActiveCfg = Release|Any CPU
		{319380F0-1199-4B81-B677-CB5EBF98224B}.Release|Any CPU.Build.0 = Release|Any CPU
		{692B696B-CAB6-48FB-A687-FC7F90568102}.Debug|Any CPU.ActiveCfg = Debug|Any CPU
		{692B696B-CAB6-48FB-A687-FC7F90568102}.Debug|Any CPU.Build.0 = Debug|Any CPU
		{692B696B-CAB6-48FB-A687-FC7F90568102}.Release|Any CPU.ActiveCfg = Release|Any CPU
		{692B696B-CAB6-48FB-A687-FC7F90568102}.Release|Any CPU.Build.0 = Release|Any CPU
		{AD5774DF-2025-439D-93A5-C0A30892A78F}.Debug|Any CPU.ActiveCfg = Debug|Any CPU
		{AD5774DF-2025-439D-93A5-C0A30892A78F}.Debug|Any CPU.Build.0 = Debug|Any CPU
		{AD5774DF-2025-439D-93A5-C0A30892A78F}.Release|Any CPU.ActiveCfg = Release|Any CPU
		{AD5774DF-2025-439D-93A5-C0A30892A78F}.Release|Any CPU.Build.0 = Release|Any CPU
	EndGlobalSection
EndGlobal
